# THIS IS AN AUTOGENERATED FILE. DO NOT EDIT THIS FILE DIRECTLY.
# yarn lockfile v1


"@babylonjs/core@^4.2.0":
  version "4.2.0"
  resolved "https://registry.yarnpkg.com/@babylonjs/core/-/core-4.2.0.tgz#d1cfd43d7e3d2e58cde79083f04eeb607f6c8f18"
  integrity sha512-sZQigPvMDc0pcgwlKvTF5gsMzGwT8gelQIOyxELrohdFu12pHGhIr61+yVxxq9tpCdzyYD9kS8LM0w2y+5ypkg==
  dependencies:
    tslib ">=1.10.0"

babylonjs@^4.2.0:
  version "4.2.0"
  resolved "https://registry.yarnpkg.com/babylonjs/-/babylonjs-4.2.0.tgz#8f0d957a726de4c065904b14c2f413f455145d38"
  integrity sha512-4hniJzWRkV0tDTTYGEHPk1lnfWn0HIw7HOvNWPK0rpUIbJooyeD9E5uVyHnslDedt0mtrA7QZu4i2Cz1DEmSsA==

tslib@>=1.10.0:
  version "2.1.0"
  resolved "https://registry.yarnpkg.com/tslib/-/tslib-2.1.0.tgz#da60860f1c2ecaa5703ab7d39bc05b6bf988b97a"
  integrity sha512-hcVC3wYEziELGGmEEXue7D75zbwIIVUMWAVbHItGPx0ziyXxrOMQx4rQEVEV45Ut/1IotuEvwqPopzIOkDMf0A==

ws@^7.4.0:
  version "7.4.2"
  resolved "https://registry.yarnpkg.com/ws/-/ws-7.4.2.tgz#782100048e54eb36fe9843363ab1c68672b261dd"
  integrity sha512-T4tewALS3+qsrpGI/8dqNMLIVdq/g/85U98HPMa6F0m6xTbvhXU6RCQLqPH3+SlomNV/LdY6RXEbBpMH6EOJnA==
